
Microsoft Visual Studio Solution File, Format Version 12.00
# Visual Studio Version 17
VisualStudioVersion = 17.4.33122.133
MinimumVisualStudioVersion = 10.0.40219.1
Project("{FAE04EC0-301F-11D3-BF4B-00C04F79EFBC}") = "Tracker", "Tracker\Tracker.csproj", "{BA95A359-6903-4CEA-B3FF-0D422AF8813B}"
EndProject
Global
	GlobalSection(SolutionConfigurationPlatforms) = preSolution
		Debug|Any CPU = Debug|Any CPU
		Release|Any CPU = Release|Any CPU
	EndGlobalSection
	GlobalSection(ProjectConfigurationPlatforms) = postSolution
		{BA95A359-6903-4CEA-B3FF-0D422AF8813B}.Debug|Any CPU.ActiveCfg = Debug|Any CPU
		{BA95A359-6903-4CEA-B3FF-0D422AF8813B}.Debug|Any CPU.Build.0 = Debug|Any CPU
		{BA95A359-6903-4CEA-B3FF-0D422AF8813B}.Release|Any CPU.ActiveCfg = Release|Any CPU
		{BA95A359-6903-4CEA-B3FF-0D422AF8813B}.Release|Any CPU.Build.0 = Release|Any CPU
	EndGlobalSection
	GlobalSection(SolutionProperties) = preSolution
		HideSolutionNode = FALSE
	EndGlobalSection
	GlobalSection(ExtensibilityGlobals) = postSolution
		SolutionGuid = {A2479F44-750B-498E-AE45-D50C5E5418FE}
	EndGlobalSection
EndGlobal
